
Microsoft Visual Studio Solution File, Format Version 12.00
# Visual Studio 15
VisualStudioVersion = 15.0.28010.2050
MinimumVisualStudioVersion = 10.0.40219.1
Project("{FAE04EC0-301F-11D3-BF4B-00C04F79EFBC}") = "GigHunter.DomainModels", "GigHunter.DomainModels\GigHunter.DomainModels.csproj", "{9CEFC23D-37C8-4A9D-BB48-FEE0D88A50C8}"
EndProject
Project("{FAE04EC0-301F-11D3-BF4B-00C04F79EFBC}") = "GigHunter.DomainModel.Tests", "GigHunter.DomainModel.Tests\GigHunter.DomainModel.Tests.csproj", "{CE61EACE-CED3-441F-B472-0F31019C0CCA}"
EndProject
Global
	GlobalSection(SolutionConfigurationPlatforms) = preSolution
		Debug|Any CPU = Debug|Any CPU
		Release|Any CPU = Release|Any CPU
	EndGlobalSection
	GlobalSection(ProjectConfigurationPlatforms) = postSolution
		{9CEFC23D-37C8-4A9D-BB48-FEE0D88A50C8}.Debug|Any CPU.ActiveCfg = Debug|Any CPU
		{9CEFC23D-37C8-4A9D-BB48-FEE0D88A50C8}.Debug|Any CPU.Build.0 = Debug|Any CPU
		{9CEFC23D-37C8-4A9D-BB48-FEE0D88A50C8}.Release|Any CPU.ActiveCfg = Release|Any CPU
		{9CEFC23D-37C8-4A9D-BB48-FEE0D88A50C8}.Release|Any CPU.Build.0 = Release|Any CPU
		{CE61EACE-CED3-441F-B472-0F31019C0CCA}.Debug|Any CPU.ActiveCfg = Debug|Any CPU
		{CE61EACE-CED3-441F-B472-0F31019C0CCA}.Debug|Any CPU.Build.0 = Debug|Any CPU
		{CE61EACE-CED3-441F-B472-0F31019C0CCA}.Release|Any CPU.ActiveCfg = Release|Any CPU
		{CE61EACE-CED3-441F-B472-0F31019C0CCA}.Release|Any CPU.Build.0 = Release|Any CPU
	EndGlobalSection
	GlobalSection(SolutionProperties) = preSolution
		HideSolutionNode = FALSE
	EndGlobalSection
	GlobalSection(ExtensibilityGlobals) = postSolution
		SolutionGuid = {C425A2CB-EB17-401E-BE2A-6C004B7D0FC5}
	EndGlobalSection
EndGlobal
