
Microsoft Visual Studio Solution File, Format Version 12.00
# Visual Studio 15
VisualStudioVersion = 15.0.28010.2050
MinimumVisualStudioVersion = 10.0.40219.1
Project("{2150E333-8FDC-42A3-9474-1A3956D46DE8}") = "Tests", "Tests", "{732BE3D7-8E79-4C3D-801F-5BBE5D5C799C}"
EndProject
Project("{9A19103F-16F7-4668-BE54-9A1E7A4F7556}") = "GigHunter.DomainModels", "GIgHunter.DomainModels\GigHunter.DomainModels.csproj", "{55AD544F-0B1B-43A9-A6D8-4A96B9233E2A}"
EndProject
Project("{9A19103F-16F7-4668-BE54-9A1E7A4F7556}") = "GigHunter.DomainModels.Tests", "GigHunter.DomainModels.Tests\GigHunter.DomainModels.Tests.csproj", "{73E60972-80DE-45CE-B292-0E4D82CE1F27}"
EndProject
Project("{9A19103F-16F7-4668-BE54-9A1E7A4F7556}") = "GigHunter.TestUtilities", "GigHunter.TestUtilities\GigHunter.TestUtilities.csproj", "{FC79A9A9-1AAB-4931-993B-2A7259A6595C}"
EndProject
Project("{9A19103F-16F7-4668-BE54-9A1E7A4F7556}") = "GigHunter.Service.Core", "GigHunter.Service.Core\GigHunter.Service.Core.csproj", "{B1B407C1-04A4-44F8-8A8B-F6D99BE2912F}"
EndProject
Project("{9A19103F-16F7-4668-BE54-9A1E7A4F7556}") = "GigHunter.Service.Core.Tests", "GigHunter.Service.Core.Tests\GigHunter.Service.Core.Tests.csproj", "{3A3AA8F0-7F61-4A2B-AB10-A56E64E013AD}"
EndProject
Project("{9A19103F-16F7-4668-BE54-9A1E7A4F7556}") = "GigHunter.Web.Api", "GigHunter.Web.Api\GigHunter.Web.Api.csproj", "{F9921C91-843F-4DB1-A139-293858145508}"
EndProject
Project("{9A19103F-16F7-4668-BE54-9A1E7A4F7556}") = "GigHunter.Web.Ui", "GigHunter.Web.Ui\GigHunter.Web.Ui.csproj", "{F68C6DED-BD19-43BA-A957-54AE36EECEBA}"
EndProject
Project("{9A19103F-16F7-4668-BE54-9A1E7A4F7556}") = "GigHunter.Web.Ui.Core", "GigHunter.Web.Ui.Core\GigHunter.Web.Ui.Core.csproj", "{403CE766-D0F0-4DEB-A2D0-9EC8C6158714}"
EndProject
Project("{9A19103F-16F7-4668-BE54-9A1E7A4F7556}") = "GigHunter.Web.Api.Tests", "GigHunter.Web.Api.Tests\GigHunter.Web.Api.Tests.csproj", "{297EE4A7-E579-445E-93BA-FD1C11B785D8}"
EndProject
Global
	GlobalSection(SolutionConfigurationPlatforms) = preSolution
		Debug|Any CPU = Debug|Any CPU
		Release|Any CPU = Release|Any CPU
	EndGlobalSection
	GlobalSection(ProjectConfigurationPlatforms) = postSolution
		{55AD544F-0B1B-43A9-A6D8-4A96B9233E2A}.Debug|Any CPU.ActiveCfg = Debug|Any CPU
		{55AD544F-0B1B-43A9-A6D8-4A96B9233E2A}.Debug|Any CPU.Build.0 = Debug|Any CPU
		{55AD544F-0B1B-43A9-A6D8-4A96B9233E2A}.Release|Any CPU.ActiveCfg = Release|Any CPU
		{55AD544F-0B1B-43A9-A6D8-4A96B9233E2A}.Release|Any CPU.Build.0 = Release|Any CPU
		{73E60972-80DE-45CE-B292-0E4D82CE1F27}.Debug|Any CPU.ActiveCfg = Debug|Any CPU
		{73E60972-80DE-45CE-B292-0E4D82CE1F27}.Debug|Any CPU.Build.0 = Debug|Any CPU
		{73E60972-80DE-45CE-B292-0E4D82CE1F27}.Release|Any CPU.ActiveCfg = Release|Any CPU
		{73E60972-80DE-45CE-B292-0E4D82CE1F27}.Release|Any CPU.Build.0 = Release|Any CPU
		{FC79A9A9-1AAB-4931-993B-2A7259A6595C}.Debug|Any CPU.ActiveCfg = Debug|Any CPU
		{FC79A9A9-1AAB-4931-993B-2A7259A6595C}.Debug|Any CPU.Build.0 = Debug|Any CPU
		{FC79A9A9-1AAB-4931-993B-2A7259A6595C}.Release|Any CPU.ActiveCfg = Release|Any CPU
		{FC79A9A9-1AAB-4931-993B-2A7259A6595C}.Release|Any CPU.Build.0 = Release|Any CPU
		{B1B407C1-04A4-44F8-8A8B-F6D99BE2912F}.Debug|Any CPU.ActiveCfg = Debug|Any CPU
		{B1B407C1-04A4-44F8-8A8B-F6D99BE2912F}.Debug|Any CPU.Build.0 = Debug|Any CPU
		{B1B407C1-04A4-44F8-8A8B-F6D99BE2912F}.Release|Any CPU.ActiveCfg = Release|Any CPU
		{B1B407C1-04A4-44F8-8A8B-F6D99BE2912F}.Release|Any CPU.Build.0 = Release|Any CPU
		{3A3AA8F0-7F61-4A2B-AB10-A56E64E013AD}.Debug|Any CPU.ActiveCfg = Debug|Any CPU
		{3A3AA8F0-7F61-4A2B-AB10-A56E64E013AD}.Debug|Any CPU.Build.0 = Debug|Any CPU
		{3A3AA8F0-7F61-4A2B-AB10-A56E64E013AD}.Release|Any CPU.ActiveCfg = Release|Any CPU
		{3A3AA8F0-7F61-4A2B-AB10-A56E64E013AD}.Release|Any CPU.Build.0 = Release|Any CPU
		{F9921C91-843F-4DB1-A139-293858145508}.Debug|Any CPU.ActiveCfg = Debug|Any CPU
		{F9921C91-843F-4DB1-A139-293858145508}.Debug|Any CPU.Build.0 = Debug|Any CPU
		{F9921C91-843F-4DB1-A139-293858145508}.Release|Any CPU.ActiveCfg = Release|Any CPU
		{F9921C91-843F-4DB1-A139-293858145508}.Release|Any CPU.Build.0 = Release|Any CPU
		{F68C6DED-BD19-43BA-A957-54AE36EECEBA}.Debug|Any CPU.ActiveCfg = Debug|Any CPU
		{F68C6DED-BD19-43BA-A957-54AE36EECEBA}.Debug|Any CPU.Build.0 = Debug|Any CPU
		{F68C6DED-BD19-43BA-A957-54AE36EECEBA}.Release|Any CPU.ActiveCfg = Release|Any CPU
		{F68C6DED-BD19-43BA-A957-54AE36EECEBA}.Release|Any CPU.Build.0 = Release|Any CPU
		{403CE766-D0F0-4DEB-A2D0-9EC8C6158714}.Debug|Any CPU.ActiveCfg = Debug|Any CPU
		{403CE766-D0F0-4DEB-A2D0-9EC8C6158714}.Debug|Any CPU.Build.0 = Debug|Any CPU
		{403CE766-D0F0-4DEB-A2D0-9EC8C6158714}.Release|Any CPU.ActiveCfg = Release|Any CPU
		{403CE766-D0F0-4DEB-A2D0-9EC8C6158714}.Release|Any CPU.Build.0 = Release|Any CPU
		{297EE4A7-E579-445E-93BA-FD1C11B785D8}.Debug|Any CPU.ActiveCfg = Debug|Any CPU
		{297EE4A7-E579-445E-93BA-FD1C11B785D8}.Debug|Any CPU.Build.0 = Debug|Any CPU
		{297EE4A7-E579-445E-93BA-FD1C11B785D8}.Release|Any CPU.ActiveCfg = Release|Any CPU
		{297EE4A7-E579-445E-93BA-FD1C11B785D8}.Release|Any CPU.Build.0 = Release|Any CPU
	EndGlobalSection
	GlobalSection(SolutionProperties) = preSolution
		HideSolutionNode = FALSE
	EndGlobalSection
	GlobalSection(NestedProjects) = preSolution
		{73E60972-80DE-45CE-B292-0E4D82CE1F27} = {732BE3D7-8E79-4C3D-801F-5BBE5D5C799C}
		{FC79A9A9-1AAB-4931-993B-2A7259A6595C} = {732BE3D7-8E79-4C3D-801F-5BBE5D5C799C}
		{3A3AA8F0-7F61-4A2B-AB10-A56E64E013AD} = {732BE3D7-8E79-4C3D-801F-5BBE5D5C799C}
		{297EE4A7-E579-445E-93BA-FD1C11B785D8} = {732BE3D7-8E79-4C3D-801F-5BBE5D5C799C}
	EndGlobalSection
	GlobalSection(ExtensibilityGlobals) = postSolution
		SolutionGuid = {C425A2CB-EB17-401E-BE2A-6C004B7D0FC5}
	EndGlobalSection
EndGlobal
